
Microsoft Visual Studio Solution File, Format Version 12.00
# Visual Studio Version 17
VisualStudioVersion = 17.3.32811.315
MinimumVisualStudioVersion = 10.0.40219.1
Project("{9A19103F-16F7-4668-BE54-9A1E7A4F7556}") = "Day1", "Day1\Day1.csproj", "{2871CA2C-84F7-4673-85D1-EAD152D3EDE6}"
EndProject
Project("{9A19103F-16F7-4668-BE54-9A1E7A4F7556}") = "Day2", "Day2\Day2.csproj", "{7E401FE7-FFEF-49CD-9986-CF04057B7A28}"
EndProject
Project("{9A19103F-16F7-4668-BE54-9A1E7A4F7556}") = "PR Day2", "PR Day2\PR Day2.csproj", "{B2350B90-ECE6-4284-B22E-7E6791931926}"
EndProject
Project("{9A19103F-16F7-4668-BE54-9A1E7A4F7556}") = "Day3", "Day3\Day3.csproj", "{77BEB723-A536-473F-895F-AB4E80F08582}"
EndProject
Project("{9A19103F-16F7-4668-BE54-9A1E7A4F7556}") = "Day4", "Day4\Day4.csproj", "{EC1A62F0-AD94-4AF9-9EFB-F3C35D35CE9C}"
EndProject
Project("{9A19103F-16F7-4668-BE54-9A1E7A4F7556}") = "Day5", "Day5\Day5.csproj", "{49111873-491B-4E2D-A3D9-3889FDC5E0F4}"
EndProject
Project("{9A19103F-16F7-4668-BE54-9A1E7A4F7556}") = "Day6", "Day6\Day6.csproj", "{5BF67F5C-70C0-4054-A550-18CBCABE8FB5}"
EndProject
Project("{9A19103F-16F7-4668-BE54-9A1E7A4F7556}") = "Bengkel", "Bengkel\Bengkel.csproj", "{64F90177-06E8-49E9-8985-0B687AEC58D3}"
EndProject
Project("{FAE04EC0-301F-11D3-BF4B-00C04F79EFBC}") = "Day7", "Day7\Day7.csproj", "{F6983D96-5469-48CD-A349-871C845C304C}"
EndProject
Project("{FAE04EC0-301F-11D3-BF4B-00C04F79EFBC}") = "Day8", "Day8\Day8.csproj", "{716273A5-2CF5-4C17-ABB3-09234EF9D80D}"
EndProject
Global
	GlobalSection(SolutionConfigurationPlatforms) = preSolution
		Debug|Any CPU = Debug|Any CPU
		Release|Any CPU = Release|Any CPU
	EndGlobalSection
	GlobalSection(ProjectConfigurationPlatforms) = postSolution
		{2871CA2C-84F7-4673-85D1-EAD152D3EDE6}.Debug|Any CPU.ActiveCfg = Debug|Any CPU
		{2871CA2C-84F7-4673-85D1-EAD152D3EDE6}.Debug|Any CPU.Build.0 = Debug|Any CPU
		{2871CA2C-84F7-4673-85D1-EAD152D3EDE6}.Release|Any CPU.ActiveCfg = Release|Any CPU
		{2871CA2C-84F7-4673-85D1-EAD152D3EDE6}.Release|Any CPU.Build.0 = Release|Any CPU
		{7E401FE7-FFEF-49CD-9986-CF04057B7A28}.Debug|Any CPU.ActiveCfg = Debug|Any CPU
		{7E401FE7-FFEF-49CD-9986-CF04057B7A28}.Debug|Any CPU.Build.0 = Debug|Any CPU
		{7E401FE7-FFEF-49CD-9986-CF04057B7A28}.Release|Any CPU.ActiveCfg = Release|Any CPU
		{7E401FE7-FFEF-49CD-9986-CF04057B7A28}.Release|Any CPU.Build.0 = Release|Any CPU
		{B2350B90-ECE6-4284-B22E-7E6791931926}.Debug|Any CPU.ActiveCfg = Debug|Any CPU
		{B2350B90-ECE6-4284-B22E-7E6791931926}.Debug|Any CPU.Build.0 = Debug|Any CPU
		{B2350B90-ECE6-4284-B22E-7E6791931926}.Release|Any CPU.ActiveCfg = Release|Any CPU
		{B2350B90-ECE6-4284-B22E-7E6791931926}.Release|Any CPU.Build.0 = Release|Any CPU
		{77BEB723-A536-473F-895F-AB4E80F08582}.Debug|Any CPU.ActiveCfg = Debug|Any CPU
		{77BEB723-A536-473F-895F-AB4E80F08582}.Debug|Any CPU.Build.0 = Debug|Any CPU
		{77BEB723-A536-473F-895F-AB4E80F08582}.Release|Any CPU.ActiveCfg = Release|Any CPU
		{77BEB723-A536-473F-895F-AB4E80F08582}.Release|Any CPU.Build.0 = Release|Any CPU
		{EC1A62F0-AD94-4AF9-9EFB-F3C35D35CE9C}.Debug|Any CPU.ActiveCfg = Debug|Any CPU
		{EC1A62F0-AD94-4AF9-9EFB-F3C35D35CE9C}.Debug|Any CPU.Build.0 = Debug|Any CPU
		{EC1A62F0-AD94-4AF9-9EFB-F3C35D35CE9C}.Release|Any CPU.ActiveCfg = Release|Any CPU
		{EC1A62F0-AD94-4AF9-9EFB-F3C35D35CE9C}.Release|Any CPU.Build.0 = Release|Any CPU
		{49111873-491B-4E2D-A3D9-3889FDC5E0F4}.Debug|Any CPU.ActiveCfg = Debug|Any CPU
		{49111873-491B-4E2D-A3D9-3889FDC5E0F4}.Debug|Any CPU.Build.0 = Debug|Any CPU
		{49111873-491B-4E2D-A3D9-3889FDC5E0F4}.Release|Any CPU.ActiveCfg = Release|Any CPU
		{49111873-491B-4E2D-A3D9-3889FDC5E0F4}.Release|Any CPU.Build.0 = Release|Any CPU
		{5BF67F5C-70C0-4054-A550-18CBCABE8FB5}.Debug|Any CPU.ActiveCfg = Debug|Any CPU
		{5BF67F5C-70C0-4054-A550-18CBCABE8FB5}.Debug|Any CPU.Build.0 = Debug|Any CPU
		{5BF67F5C-70C0-4054-A550-18CBCABE8FB5}.Release|Any CPU.ActiveCfg = Release|Any CPU
		{5BF67F5C-70C0-4054-A550-18CBCABE8FB5}.Release|Any CPU.Build.0 = Release|Any CPU
		{64F90177-06E8-49E9-8985-0B687AEC58D3}.Debug|Any CPU.ActiveCfg = Debug|Any CPU
		{64F90177-06E8-49E9-8985-0B687AEC58D3}.Debug|Any CPU.Build.0 = Debug|Any CPU
		{64F90177-06E8-49E9-8985-0B687AEC58D3}.Release|Any CPU.ActiveCfg = Release|Any CPU
		{64F90177-06E8-49E9-8985-0B687AEC58D3}.Release|Any CPU.Build.0 = Release|Any CPU
		{F6983D96-5469-48CD-A349-871C845C304C}.Debug|Any CPU.ActiveCfg = Debug|Any CPU
		{F6983D96-5469-48CD-A349-871C845C304C}.Debug|Any CPU.Build.0 = Debug|Any CPU
		{F6983D96-5469-48CD-A349-871C845C304C}.Release|Any CPU.ActiveCfg = Release|Any CPU
		{F6983D96-5469-48CD-A349-871C845C304C}.Release|Any CPU.Build.0 = Release|Any CPU
		{716273A5-2CF5-4C17-ABB3-09234EF9D80D}.Debug|Any CPU.ActiveCfg = Debug|Any CPU
		{716273A5-2CF5-4C17-ABB3-09234EF9D80D}.Debug|Any CPU.Build.0 = Debug|Any CPU
		{716273A5-2CF5-4C17-ABB3-09234EF9D80D}.Release|Any CPU.ActiveCfg = Release|Any CPU
		{716273A5-2CF5-4C17-ABB3-09234EF9D80D}.Release|Any CPU.Build.0 = Release|Any CPU
	EndGlobalSection
	GlobalSection(SolutionProperties) = preSolution
		HideSolutionNode = FALSE
	EndGlobalSection
	GlobalSection(ExtensibilityGlobals) = postSolution
		SolutionGuid = {4D7AEBA1-FB6F-4B71-8119-4D227CBA7C97}
	EndGlobalSection
EndGlobal
